
Microsoft Visual Studio Solution File, Format Version 12.00
# Visual Studio Version 17
VisualStudioVersion = 17.8.34525.116
MinimumVisualStudioVersion = 10.0.40219.1
Project("{FAE04EC0-301F-11D3-BF4B-00C04F79EFBC}") = "drofustask2.Server", "drofustask2\Server\drofustask2.Server.csproj", "{4205D4A2-15C8-402E-A1F8-585F9799EDBB}"
EndProject
Project("{FAE04EC0-301F-11D3-BF4B-00C04F79EFBC}") = "drofustask2.Client", "drofustask2\Client\drofustask2.Client.csproj", "{431E8340-79AF-4801-A201-1026E3170F30}"
EndProject
Project("{FAE04EC0-301F-11D3-BF4B-00C04F79EFBC}") = "drofustask2.Shared", "drofustask2\Shared\drofustask2.Shared.csproj", "{A3760658-EEE4-49DF-8081-6E4AFF59334C}"
EndProject
Global
	GlobalSection(SolutionConfigurationPlatforms) = preSolution
		Debug|Any CPU = Debug|Any CPU
		Release|Any CPU = Release|Any CPU
	EndGlobalSection
	GlobalSection(ProjectConfigurationPlatforms) = postSolution
		{4205D4A2-15C8-402E-A1F8-585F9799EDBB}.Debug|Any CPU.ActiveCfg = Debug|Any CPU
		{4205D4A2-15C8-402E-A1F8-585F9799EDBB}.Debug|Any CPU.Build.0 = Debug|Any CPU
		{4205D4A2-15C8-402E-A1F8-585F9799EDBB}.Release|Any CPU.ActiveCfg = Release|Any CPU
		{4205D4A2-15C8-402E-A1F8-585F9799EDBB}.Release|Any CPU.Build.0 = Release|Any CPU
		{431E8340-79AF-4801-A201-1026E3170F30}.Debug|Any CPU.ActiveCfg = Debug|Any CPU
		{431E8340-79AF-4801-A201-1026E3170F30}.Debug|Any CPU.Build.0 = Debug|Any CPU
		{431E8340-79AF-4801-A201-1026E3170F30}.Release|Any CPU.ActiveCfg = Release|Any CPU
		{431E8340-79AF-4801-A201-1026E3170F30}.Release|Any CPU.Build.0 = Release|Any CPU
		{A3760658-EEE4-49DF-8081-6E4AFF59334C}.Debug|Any CPU.ActiveCfg = Debug|Any CPU
		{A3760658-EEE4-49DF-8081-6E4AFF59334C}.Debug|Any CPU.Build.0 = Debug|Any CPU
		{A3760658-EEE4-49DF-8081-6E4AFF59334C}.Release|Any CPU.ActiveCfg = Release|Any CPU
		{A3760658-EEE4-49DF-8081-6E4AFF59334C}.Release|Any CPU.Build.0 = Release|Any CPU
	EndGlobalSection
	GlobalSection(SolutionProperties) = preSolution
		HideSolutionNode = FALSE
	EndGlobalSection
	GlobalSection(ExtensibilityGlobals) = postSolution
		SolutionGuid = {4084D28E-3B24-44E2-BC26-BAB442F1BCBC}
	EndGlobalSection
EndGlobal
